Microsoft Visual Studio Solution File, Format Version 11.00
# Visual Studio 2008

Project("{06CCCF5E-937B-30CB-0FEE-BCC098E330A3}") = "GridPlatforms", "Assembly-CSharp.csproj", "{EC6F51A4-9F42-40B1-EF98-297058F01228}"
EndProject
Global
	GlobalSection(SolutionConfigurationPlatforms) = preSolution
		Debug|Any CPU = Debug|Any CPU
		Release|Any CPU = Release|Any CPU
	EndGlobalSection
	GlobalSection(ProjectConfigurationPlatforms) = postSolution
		{EC6F51A4-9F42-40B1-EF98-297058F01228}.Debug|Any CPU.ActiveCfg = Debug|Any CPU
		{EC6F51A4-9F42-40B1-EF98-297058F01228}.Debug|Any CPU.Build.0 = Debug|Any CPU
		{EC6F51A4-9F42-40B1-EF98-297058F01228}.Release|Any CPU.ActiveCfg = Release|Any CPU
		{EC6F51A4-9F42-40B1-EF98-297058F01228}.Release|Any CPU.Build.0 = Release|Any CPU
	EndGlobalSection
	GlobalSection(SolutionProperties) = preSolution
		HideSolutionNode = FALSE
	EndGlobalSection
	GlobalSection(MonoDevelopProperties) = preSolution
		StartupItem = Assembly-CSharp.csproj
	EndGlobalSection
EndGlobal
